
Microsoft Visual Studio Solution File, Format Version 12.00
# Visual Studio Version 17
VisualStudioVersion = 17.6.33801.468
MinimumVisualStudioVersion = 10.0.40219.1
Project("{FAE04EC0-301F-11D3-BF4B-00C04F79EFBC}") = "PIS_VJ1", "PIS_VJ1.csproj", "{AC24E51F-0D82-499B-A315-B1B659ED3E06}"
EndProject
Global
	GlobalSection(SolutionConfigurationPlatforms) = preSolution
		Debug|Any CPU = Debug|Any CPU
		Release|Any CPU = Release|Any CPU
	EndGlobalSection
	GlobalSection(ProjectConfigurationPlatforms) = postSolution
		{AC24E51F-0D82-499B-A315-B1B659ED3E06}.Debug|Any CPU.ActiveCfg = Debug|Any CPU
		{AC24E51F-0D82-499B-A315-B1B659ED3E06}.Debug|Any CPU.Build.0 = Debug|Any CPU
		{AC24E51F-0D82-499B-A315-B1B659ED3E06}.Release|Any CPU.ActiveCfg = Release|Any CPU
		{AC24E51F-0D82-499B-A315-B1B659ED3E06}.Release|Any CPU.Build.0 = Release|Any CPU
	EndGlobalSection
	GlobalSection(SolutionProperties) = preSolution
		HideSolutionNode = FALSE
	EndGlobalSection
	GlobalSection(ExtensibilityGlobals) = postSolution
		SolutionGuid = {6FC8BD0A-DFCE-4231-9D6F-C64182AD917A}
	EndGlobalSection
EndGlobal
